
Microsoft Visual Studio Solution File, Format Version 12.00
# Visual Studio Version 16
VisualStudioVersion = 16.0.28803.452
MinimumVisualStudioVersion = 10.0.40219.1
Project("{2150E333-8FDC-42A3-9474-1A3956D46DE8}") = ".config", ".config", "{26AAFDF0-0A39-422E-994E-C77D86736534}"
	ProjectSection(SolutionItems) = preProject
		.editorconfig = .editorconfig
	EndProjectSection
EndProject
Project("{FAE04EC0-301F-11D3-BF4B-00C04F79EFBC}") = "Trie.Net.Standard", "Trie.Net.Standard\Trie.Net.Standard.csproj", "{C13AF97E-6DC1-43E3-ADA8-984C23C4797B}"
EndProject
Global
	GlobalSection(SolutionConfigurationPlatforms) = preSolution
		Debug|Any CPU = Debug|Any CPU
		Release|Any CPU = Release|Any CPU
	EndGlobalSection
	GlobalSection(ProjectConfigurationPlatforms) = postSolution
		{C13AF97E-6DC1-43E3-ADA8-984C23C4797B}.Debug|Any CPU.ActiveCfg = Debug|Any CPU
		{C13AF97E-6DC1-43E3-ADA8-984C23C4797B}.Debug|Any CPU.Build.0 = Debug|Any CPU
		{C13AF97E-6DC1-43E3-ADA8-984C23C4797B}.Release|Any CPU.ActiveCfg = Release|Any CPU
		{C13AF97E-6DC1-43E3-ADA8-984C23C4797B}.Release|Any CPU.Build.0 = Release|Any CPU
	EndGlobalSection
	GlobalSection(SolutionProperties) = preSolution
		HideSolutionNode = FALSE
	EndGlobalSection
	GlobalSection(ExtensibilityGlobals) = postSolution
		SolutionGuid = {31EE2F8E-94AF-4988-A213-32E88FBB3486}
	EndGlobalSection
EndGlobal
